
Microsoft Visual Studio Solution File, Format Version 12.00
# Visual Studio Version 17
VisualStudioVersion = 17.0.31903.59
MinimumVisualStudioVersion = 10.0.40219.1
Project("{2150E333-8FDC-42A3-9474-1A3956D46DE8}") = "src", "src", "{827E0CD3-B72D-47B6-A68D-7590B98EB39B}"
EndProject
Project("{FAE04EC0-301F-11D3-BF4B-00C04F79EFBC}") = "YouTuberGame.API", "src\YouTuberGame.API\YouTuberGame.API.csproj", "{9E53BDC6-7F70-443B-A839-9C1D8516374B}"
EndProject
Project("{FAE04EC0-301F-11D3-BF4B-00C04F79EFBC}") = "YouTuberGame.Admin", "src\YouTuberGame.Admin\YouTuberGame.Admin.csproj", "{ABDE991E-E21B-46F9-B4EE-C9DCCCA3A207}"
EndProject
Project("{FAE04EC0-301F-11D3-BF4B-00C04F79EFBC}") = "YouTuberGame.Shared", "src\YouTuberGame.Shared\YouTuberGame.Shared.csproj", "{BCEE9568-267E-4A2F-8E83-B8E2DF837296}"
EndProject
Global
	GlobalSection(SolutionConfigurationPlatforms) = preSolution
		Debug|Any CPU = Debug|Any CPU
		Debug|x64 = Debug|x64
		Debug|x86 = Debug|x86
		Release|Any CPU = Release|Any CPU
		Release|x64 = Release|x64
		Release|x86 = Release|x86
	EndGlobalSection
	GlobalSection(ProjectConfigurationPlatforms) = postSolution
		{9E53BDC6-7F70-443B-A839-9C1D8516374B}.Debug|Any CPU.ActiveCfg = Debug|Any CPU
		{9E53BDC6-7F70-443B-A839-9C1D8516374B}.Debug|Any CPU.Build.0 = Debug|Any CPU
		{9E53BDC6-7F70-443B-A839-9C1D8516374B}.Debug|x64.ActiveCfg = Debug|Any CPU
		{9E53BDC6-7F70-443B-A839-9C1D8516374B}.Debug|x64.Build.0 = Debug|Any CPU
		{9E53BDC6-7F70-443B-A839-9C1D8516374B}.Debug|x86.ActiveCfg = Debug|Any CPU
		{9E53BDC6-7F70-443B-A839-9C1D8516374B}.Debug|x86.Build.0 = Debug|Any CPU
		{9E53BDC6-7F70-443B-A839-9C1D8516374B}.Release|Any CPU.ActiveCfg = Release|Any CPU
		{9E53BDC6-7F70-443B-A839-9C1D8516374B}.Release|Any CPU.Build.0 = Release|Any CPU
		{9E53BDC6-7F70-443B-A839-9C1D8516374B}.Release|x64.ActiveCfg = Release|Any CPU
		{9E53BDC6-7F70-443B-A839-9C1D8516374B}.Release|x64.Build.0 = Release|Any CPU
		{9E53BDC6-7F70-443B-A839-9C1D8516374B}.Release|x86.ActiveCfg = Release|Any CPU
		{9E53BDC6-7F70-443B-A839-9C1D8516374B}.Release|x86.Build.0 = Release|Any CPU
		{ABDE991E-E21B-46F9-B4EE-C9DCCCA3A207}.Debug|Any CPU.ActiveCfg = Debug|Any CPU
		{ABDE991E-E21B-46F9-B4EE-C9DCCCA3A207}.Debug|Any CPU.Build.0 = Debug|Any CPU
		{ABDE991E-E21B-46F9-B4EE-C9DCCCA3A207}.Debug|x64.ActiveCfg = Debug|Any CPU
		{ABDE991E-E21B-46F9-B4EE-C9DCCCA3A207}.Debug|x64.Build.0 = Debug|Any CPU
		{ABDE991E-E21B-46F9-B4EE-C9DCCCA3A207}.Debug|x86.ActiveCfg = Debug|Any CPU
		{ABDE991E-E21B-46F9-B4EE-C9DCCCA3A207}.Debug|x86.Build.0 = Debug|Any CPU
		{ABDE991E-E21B-46F9-B4EE-C9DCCCA3A207}.Release|Any CPU.ActiveCfg = Release|Any CPU
		{ABDE991E-E21B-46F9-B4EE-C9DCCCA3A207}.Release|Any CPU.Build.0 = Release|Any CPU
		{ABDE991E-E21B-46F9-B4EE-C9DCCCA3A207}.Release|x64.ActiveCfg = Release|Any CPU
		{ABDE991E-E21B-46F9-B4EE-C9DCCCA3A207}.Release|x64.Build.0 = Release|Any CPU
		{ABDE991E-E21B-46F9-B4EE-C9DCCCA3A207}.Release|x86.ActiveCfg = Release|Any CPU
		{ABDE991E-E21B-46F9-B4EE-C9DCCCA3A207}.Release|x86.Build.0 = Release|Any CPU
		{BCEE9568-267E-4A2F-8E83-B8E2DF837296}.Debug|Any CPU.ActiveCfg = Debug|Any CPU
		{BCEE9568-267E-4A2F-8E83-B8E2DF837296}.Debug|Any CPU.Build.0 = Debug|Any CPU
		{BCEE9568-267E-4A2F-8E83-B8E2DF837296}.Debug|x64.ActiveCfg = Debug|Any CPU
		{BCEE9568-267E-4A2F-8E83-B8E2DF837296}.Debug|x64.Build.0 = Debug|Any CPU
		{BCEE9568-267E-4A2F-8E83-B8E2DF837296}.Debug|x86.ActiveCfg = Debug|Any CPU
		{BCEE9568-267E-4A2F-8E83-B8E2DF837296}.Debug|x86.Build.0 = Debug|Any CPU
		{BCEE9568-267E-4A2F-8E83-B8E2DF837296}.Release|Any CPU.ActiveCfg = Release|Any CPU
		{BCEE9568-267E-4A2F-8E83-B8E2DF837296}.Release|Any CPU.Build.0 = Release|Any CPU
		{BCEE9568-267E-4A2F-8E83-B8E2DF837296}.Release|x64.ActiveCfg = Release|Any CPU
		{BCEE9568-267E-4A2F-8E83-B8E2DF837296}.Release|x64.Build.0 = Release|Any CPU
		{BCEE9568-267E-4A2F-8E83-B8E2DF837296}.Release|x86.ActiveCfg = Release|Any CPU
		{BCEE9568-267E-4A2F-8E83-B8E2DF837296}.Release|x86.Build.0 = Release|Any CPU
	EndGlobalSection
	GlobalSection(SolutionProperties) = preSolution
		HideSolutionNode = FALSE
	EndGlobalSection
	GlobalSection(NestedProjects) = preSolution
		{9E53BDC6-7F70-443B-A839-9C1D8516374B} = {827E0CD3-B72D-47B6-A68D-7590B98EB39B}
		{ABDE991E-E21B-46F9-B4EE-C9DCCCA3A207} = {827E0CD3-B72D-47B6-A68D-7590B98EB39B}
		{BCEE9568-267E-4A2F-8E83-B8E2DF837296} = {827E0CD3-B72D-47B6-A68D-7590B98EB39B}
	EndGlobalSection
EndGlobal
